
Microsoft Visual Studio Solution File, Format Version 12.00
# Visual Studio Version 17
VisualStudioVersion = 17.8.34322.80
MinimumVisualStudioVersion = 10.0.40219.1
Project("{FAE04EC0-301F-11D3-BF4B-00C04F79EFBC}") = "Db Migration", "Db Migration\Db Migration.csproj", "{0AD135EA-8B38-4000-B38C-065F2314999F}"
EndProject
Global
	GlobalSection(SolutionConfigurationPlatforms) = preSolution
		Debug|Any CPU = Debug|Any CPU
		Release|Any CPU = Release|Any CPU
	EndGlobalSection
	GlobalSection(ProjectConfigurationPlatforms) = postSolution
		{0AD135EA-8B38-4000-B38C-065F2314999F}.Debug|Any CPU.ActiveCfg = Debug|Any CPU
		{0AD135EA-8B38-4000-B38C-065F2314999F}.Debug|Any CPU.Build.0 = Debug|Any CPU
		{0AD135EA-8B38-4000-B38C-065F2314999F}.Release|Any CPU.ActiveCfg = Release|Any CPU
		{0AD135EA-8B38-4000-B38C-065F2314999F}.Release|Any CPU.Build.0 = Release|Any CPU
	EndGlobalSection
	GlobalSection(SolutionProperties) = preSolution
		HideSolutionNode = FALSE
	EndGlobalSection
	GlobalSection(ExtensibilityGlobals) = postSolution
		SolutionGuid = {574C9C96-2256-48AE-808D-3C6759EADFC3}
	EndGlobalSection
EndGlobal
